
Microsoft Visual Studio Solution File, Format Version 12.00
# Visual Studio Version 17
VisualStudioVersion = 17.8.34330.188
MinimumVisualStudioVersion = 10.0.40219.1
Project("{FAE04EC0-301F-11D3-BF4B-00C04F79EFBC}") = "lab02", "lab02\lab02.csproj", "{1A1B70DC-AF25-4C9A-BFFF-D73376BE7747}"
EndProject
Global
	GlobalSection(SolutionConfigurationPlatforms) = preSolution
		Debug|Any CPU = Debug|Any CPU
		Release|Any CPU = Release|Any CPU
	EndGlobalSection
	GlobalSection(ProjectConfigurationPlatforms) = postSolution
		{1A1B70DC-AF25-4C9A-BFFF-D73376BE7747}.Debug|Any CPU.ActiveCfg = Debug|Any CPU
		{1A1B70DC-AF25-4C9A-BFFF-D73376BE7747}.Debug|Any CPU.Build.0 = Debug|Any CPU
		{1A1B70DC-AF25-4C9A-BFFF-D73376BE7747}.Release|Any CPU.ActiveCfg = Release|Any CPU
		{1A1B70DC-AF25-4C9A-BFFF-D73376BE7747}.Release|Any CPU.Build.0 = Release|Any CPU
	EndGlobalSection
	GlobalSection(SolutionProperties) = preSolution
		HideSolutionNode = FALSE
	EndGlobalSection
	GlobalSection(ExtensibilityGlobals) = postSolution
		SolutionGuid = {B5BB77D8-9B7B-41DA-929F-F48D2E0A3807}
	EndGlobalSection
EndGlobal
